{
  "name": "@titanium/module-copier",
  "version": "0.0.1",
  "lockfileVersion": 1,
  "requires": true,
  "dependencies": {
    "@geek/eslint-config": {
      "version": "0.0.1",
      "resolved": "https://registry.npmjs.org/@geek/eslint-config/-/eslint-config-0.0.1.tgz",
      "integrity": "sha512-vJqeo5Qn6HevsfkyFv9gN7Y6H7EF12WOiCDR05vo4Kq0E5RG0bDEouFHho94wySqQedPjEn55N8Fs9vAyoMBEQ==",
      "dev": true
    }
  }
}
